
Microsoft Visual Studio Solution File, Format Version 12.00
# Visual Studio 14
VisualStudioVersion = 14.0.25420.1
MinimumVisualStudioVersion = 10.0.40219.1
Project("{FAE04EC0-301F-11D3-BF4B-00C04F79EFBC}") = "Nezaboodka.MySqlClient", "ToSqlConnector\Nezaboodka.MySqlClient.csproj", "{FD1C6128-6322-4AD9-9993-371A610FE51E}"
EndProject
Project("{FAE04EC0-301F-11D3-BF4B-00C04F79EFBC}") = "Nezaboodka.Ndef", "..\Libraries\Source\Ndef\Nezaboodka.Ndef.csproj", "{0D9D1C30-BE30-4A1E-B930-4A720F0206A4}"
EndProject
Project("{FAE04EC0-301F-11D3-BF4B-00C04F79EFBC}") = "Nezaboodka.Client", "..\Libraries\Source\Client\Nezaboodka.Client.csproj", "{9DB69E1C-2B8F-45E8-960C-FE0DAF376C8F}"
EndProject
Project("{FAE04EC0-301F-11D3-BF4B-00C04F79EFBC}") = "MySqlConsoleTester", "ConsoleTester\MySqlConsoleTester.csproj", "{39766D78-A43C-4E8D-A9E7-898DEDAD8A8F}"
EndProject
Global
	GlobalSection(SolutionConfigurationPlatforms) = preSolution
		Debug|Any CPU = Debug|Any CPU
		Release|Any CPU = Release|Any CPU
	EndGlobalSection
	GlobalSection(ProjectConfigurationPlatforms) = postSolution
		{FD1C6128-6322-4AD9-9993-371A610FE51E}.Debug|Any CPU.ActiveCfg = Debug|Any CPU
		{FD1C6128-6322-4AD9-9993-371A610FE51E}.Debug|Any CPU.Build.0 = Debug|Any CPU
		{FD1C6128-6322-4AD9-9993-371A610FE51E}.Release|Any CPU.ActiveCfg = Release|Any CPU
		{FD1C6128-6322-4AD9-9993-371A610FE51E}.Release|Any CPU.Build.0 = Release|Any CPU
		{0D9D1C30-BE30-4A1E-B930-4A720F0206A4}.Debug|Any CPU.ActiveCfg = Debug|Any CPU
		{0D9D1C30-BE30-4A1E-B930-4A720F0206A4}.Debug|Any CPU.Build.0 = Debug|Any CPU
		{0D9D1C30-BE30-4A1E-B930-4A720F0206A4}.Release|Any CPU.ActiveCfg = Release|Any CPU
		{0D9D1C30-BE30-4A1E-B930-4A720F0206A4}.Release|Any CPU.Build.0 = Release|Any CPU
		{9DB69E1C-2B8F-45E8-960C-FE0DAF376C8F}.Debug|Any CPU.ActiveCfg = Debug|Any CPU
		{9DB69E1C-2B8F-45E8-960C-FE0DAF376C8F}.Debug|Any CPU.Build.0 = Debug|Any CPU
		{9DB69E1C-2B8F-45E8-960C-FE0DAF376C8F}.Release|Any CPU.ActiveCfg = Release|Any CPU
		{9DB69E1C-2B8F-45E8-960C-FE0DAF376C8F}.Release|Any CPU.Build.0 = Release|Any CPU
		{39766D78-A43C-4E8D-A9E7-898DEDAD8A8F}.Debug|Any CPU.ActiveCfg = Debug|Any CPU
		{39766D78-A43C-4E8D-A9E7-898DEDAD8A8F}.Debug|Any CPU.Build.0 = Debug|Any CPU
		{39766D78-A43C-4E8D-A9E7-898DEDAD8A8F}.Release|Any CPU.ActiveCfg = Release|Any CPU
		{39766D78-A43C-4E8D-A9E7-898DEDAD8A8F}.Release|Any CPU.Build.0 = Release|Any CPU
	EndGlobalSection
	GlobalSection(SolutionProperties) = preSolution
		HideSolutionNode = FALSE
	EndGlobalSection
EndGlobal
